// !$*UTF8*$!
{
	archiveVersion = 1;
	classes = {
	};
	objectVersion = 50;
	objects = {

/* Begin PBXBuildFile section */
		8E81CD8321306215006CD82A /* AppDelegate.swift in Sources */ = {isa = PBXBuildFile; fileRef = 8E81CD8221306215006CD82A /* AppDelegate.swift */; };
		8E81CD8521306215006CD82A /* ViewController.swift in Sources */ = {isa = PBXBuildFile; fileRef = 8E81CD8421306215006CD82A /* ViewController.swift */; };
		8E81CD8821306215006CD82A /* Main.storyboard in Resources */ = {isa = PBXBuildFile; fileRef = 8E81CD8621306215006CD82A /* Main.storyboard */; };
		8E81CD8B21306216006CD82A /* sign_IN___2.xcdatamodeld in Sources */ = {isa = PBXBuildFile; fileRef = 8E81CD8921306216006CD82A /* sign_IN___2.xcdatamodeld */; };
		8E81CD8D2130621E006CD82A /* Assets.xcassets in Resources */ = {isa = PBXBuildFile; fileRef = 8E81CD8C2130621E006CD82A /* Assets.xcassets */; };
		8E81CD902130621E006CD82A /* LaunchScreen.storyboard in Resources */ = {isa = PBXBuildFile; fileRef = 8E81CD8E2130621E006CD82A /* LaunchScreen.storyboard */; };
/* End PBXBuildFile section */

/* Begin PBXFileReference section */
		8E81CD7F21306215006CD82A /* sign IN - 2.app */ = {isa = PBXFileReference; explicitFileType = wrapper.application; includeInIndex = 0; path = "sign IN - 2.app"; sourceTree = BUILT_PRODUCTS_DIR; };
		8E81CD8221306215006CD82A /* AppDelegate.swift */ = {isa = PBXFileReference; lastKnownFileType = sourcecode.swift; path = AppDelegate.swift; sourceTree = "<group>"; };
		8E81CD8421306215006CD82A /* ViewController.swift */ = {isa = PBXFileReference; lastKnownFileType = sourcecode.swift; path = ViewController.swift; sourceTree = "<group>"; };
		8E81CD8721306215006CD82A /* Base */ = {isa = PBXFileReference; lastKnownFileType = file.storyboard; name = Base; path = Base.lproj/Main.storyboard; sourceTree = "<group>"; };
		8E81CD8A21306216006CD82A /* sign_IN___2.xcdatamodel */ = {isa = PBXFileReference; lastKnownFileType = wrapper.xcdatamodel; path = "sign_IN___2.xcdatamodel"; sourceTree = "<group>"; };
		8E81CD8C2130621E006CD82A /* Assets.xcassets */ = {isa = PBXFileReference; lastKnownFileType = folder.assetcatalog; path = Assets.xcassets; sourceTree = "<group>"; };
		8E81CD8F2130621E006CD82A /* Base */ = {isa = PBXFileReference; lastKnownFileType = file.storyboard; name = Base; path = Base.lproj/LaunchScreen.storyboard; sourceTree = "<group>"; };
		8E81CD912130621E006CD82A /* Info.plist */ = {isa = PBXFileReference; lastKnownFileType = text.plist.xml; path = Info.plist; sourceTree = "<group>"; };
/* End PBXFileReference section */

/* Begin PBXFrameworksBuildPhase section */
		8E81CD7C21306215006CD82A /* Frameworks */ = {
			isa = PBXFrameworksBuildPhase;
			buildActionMask = 2147483647;
			files = (
			);
			runOnlyForDeploymentPostprocessing = 0;
		};
/* End PBXFrameworksBuildPhase section */

/* Begin PBXGroup section */
		8E81CD7621306215006CD82A = {
			isa = PBXGroup;
			children = (
				8E81CD8121306215006CD82A /* sign IN - 2 */,
				8E81CD8021306215006CD82A /* Products */,
			);
			sourceTree = "<group>";
		};
		8E81CD8021306215006CD82A /* Products */ = {
			isa = PBXGroup;
			children = (
				8E81CD7F21306215006CD82A /* sign IN - 2.app */,
			);
			name = Products;
			sourceTree = "<group>";
		};
		8E81CD8121306215006CD82A /* sign IN - 2 */ = {
			isa = PBXGroup;
			children = (
				8E81CD8221306215006CD82A /* AppDelegate.swift */,
				8E81CD8421306215006CD82A /* ViewController.swift */,
				8E81CD8621306215006CD82A /* Main.storyboard */,
				8E81CD8C2130621E006CD82A /* Assets.xcassets */,
				8E81CD8E2130621E006CD82A /* LaunchScreen.storyboard */,
				8E81CD912130621E006CD82A /* Info.plist */,
				8E81CD8921306216006CD82A /* sign_IN___2.xcdatamodeld */,
			);
			path = "sign IN - 2";
			sourceTree = "<group>";
		};
/* End PBXGroup section */

/* Begin PBXNativeTarget section */
		8E81CD7E21306215006CD82A /* sign IN - 2 */ = {
			isa = PBXNativeTarget;
			buildConfigurationList = 8E81CD942130621E006CD82A /* Build configuration list for PBXNativeTarget "sign IN - 2" */;
			buildPhases = (
				8E81CD7B21306215006CD82A /* Sources */,
				8E81CD7C21306215006CD82A /* Frameworks */,
				8E81CD7D21306215006CD82A /* Resources */,
			);
			buildRules = (
			);
			dependencies = (
			);
			name = "sign IN - 2";
			productName = "sign IN - 2";
			productReference = 8E81CD7F21306215006CD82A /* sign IN - 2.app */;
			productType = "com.apple.product-type.application";
		};
/* End PBXNativeTarget section */

/* Begin PBXProject section */
		8E81CD7721306215006CD82A /* Project object */ = {
			isa = PBXProject;
			attributes = {
				LastSwiftUpdateCheck = 0940;
				LastUpgradeCheck = 0940;
				ORGANIZATIONNAME = Abood_ath;
				TargetAttributes = {
					8E81CD7E21306215006CD82A = {
						CreatedOnToolsVersion = 9.4;
					};
				};
			};
			buildConfigurationList = 8E81CD7A21306215006CD82A /* Build configuration list for PBXProject "sign IN - 2" */;
			compatibilityVersion = "Xcode 9.3";
			developmentRegion = en;
			hasScannedForEncodings = 0;
			knownRegions = (
				en,
				Base,
			);
			mainGroup = 8E81CD7621306215006CD82A;
			productRefGroup = 8E81CD8021306215006CD82A /* Products */;
			projectDirPath = "";
			projectRoot = "";
			targets = (
				8E81CD7E21306215006CD82A /* sign IN - 2 */,
			);
		};
/* End PBXProject section */

/* Begin PBXResourcesBuildPhase section */
		8E81CD7D21306215006CD82A /* Resources */ = {
			isa = PBXResourcesBuildPhase;
			buildActionMask = 2147483647;
			files = (
				8E81CD902130621E006CD82A /* LaunchScreen.storyboard in Resources */,
				8E81CD8D2130621E006CD82A /* Assets.xcassets in Resources */,
				8E81CD8821306215006CD82A /* Main.storyboard in Resources */,
			);
			runOnlyForDeploymentPostprocessing = 0;
		};
/* End PBXResourcesBuildPhase section */

/* Begin PBXSourcesBuildPhase section */
		8E81CD7B21306215006CD82A /* Sources */ = {
			isa = PBXSourcesBuildPhase;
			buildActionMask = 2147483647;
			files = (
				8E81CD8B21306216006CD82A /* sign_IN___2.xcdatamodeld in Sources */,
				8E81CD8521306215006CD82A /* ViewController.swift in Sources */,
				8E81CD8321306215006CD82A /* AppDelegate.swift in Sources */,
			);
			runOnlyForDeploymentPostprocessing = 0;
		};
/* End PBXSourcesBuildPhase section */

/* Begin PBXVariantGroup section */
		8E81CD8621306215006CD82A /* Main.storyboard */ = {
			isa = PBXVariantGroup;
			children = (
				8E81CD8721306215006CD82A /* Base */,
			);
			name = Main.storyboard;
			sourceTree = "<group>";
		};
		8E81CD8E2130621E006CD82A /* LaunchScreen.storyboard */ = {
			isa = PBXVariantGroup;
			children = (
				8E81CD8F2130621E006CD82A /* Base */,
			);
			name = LaunchScreen.storyboard;
			sourceTree = "<group>";
		};
/* End PBXVariantGroup section */

/* Begin XCBuildConfiguration section */
		8E81CD922130621E006CD82A /* Debug */ = {
			isa = XCBuildConfiguration;
			buildSettings = {
				ALWAYS_SEARCH_USER_PATHS = NO;
				CLANG_ANALYZER_NONNULL = YES;
				CLANG_ANALYZER_NUMBER_OBJECT_CONVERSION = YES_AGGRESSIVE;
				CLANG_CXX_LANGUAGE_STANDARD = "gnu++14";
				CLANG_CXX_LIBRARY = "libc++";
				CLANG_ENABLE_MODULES = YES;
				CLANG_ENABLE_OBJC_ARC = YES;
				CLANG_ENABLE_OBJC_WEAK = YES;
				CLANG_WARN_BLOCK_CAPTURE_AUTORELEASING = YES;
				CLANG_WARN_BOOL_CONVERSION = YES;
				CLANG_WARN_COMMA = YES;
				CLANG_WARN_CONSTANT_CONVERSION = YES;
				CLANG_WARN_DEPRECATED_OBJC_IMPLEMENTATIONS = YES;
				CLANG_WARN_DIRECT_OBJC_ISA_USAGE = YES_ERROR;
				CLANG_WARN_DOCUMENTATION_COMMENTS = YES;
				CLANG_WARN_EMPTY_BODY = YES;
				CLANG_WARN_ENUM_CONVERSION = YES;
				CLANG_WARN_INFINITE_RECURSION = YES;
				CLANG_WARN_INT_CONVERSION = YES;
				CLANG_WARN_NON_LITERAL_NULL_CONVERSION = YES;
				CLANG_WARN_OBJC_IMPLICIT_RETAIN_SELF = YES;
				CLANG_WARN_OBJC_LITERAL_CONVERSION = YES;
				CLANG_WARN_OBJC_ROOT_CLASS = YES_ERROR;
				CLANG_WARN_RANGE_LOOP_ANALYSIS = YES;
				CLANG_WARN_STRICT_PROTOTYPES = YES;
				CLANG_WARN_SUSPICIOUS_MOVE = YES;
				CLANG_WARN_UNGUARDED_AVAILABILITY = YES_AGGRESSIVE;
				CLANG_WARN_UNREACHABLE_CODE = YES;
				CLANG_WARN__DUPLICATE_METHOD_MATCH = YES;
				CODE_SIGN_IDENTITY = "iPhone Developer";
				COPY_PHASE_STRIP = NO;
				DEBUG_INFORMATION_FORMAT = dwarf;
				ENABLE_STRICT_OBJC_MSGSEND = YES;
				ENABLE_TESTABILITY = YES;
				GCC_C_LANGUAGE_STANDARD = gnu11;
				GCC_DYNAMIC_NO_PIC = NO;
				GCC_NO_COMMON_BLOCKS = YES;
				GCC_OPTIMIZATION_LEVEL = 0;
				GCC_PREPROCESSOR_DEFINITIONS = (
					"DEBUG=1",
					"$(inherited)",
				);
				GCC_WARN_64_TO_32_BIT_CONVERSION = YES;
				GCC_WARN_ABOUT_RETURN_TYPE = YES_ERROR;
				GCC_WARN_UNDECLARED_SELECTOR = YES;
				GCC_WARN_UNINITIALIZED_AUTOS = YES_AGGRESSIVE;
				GCC_WARN_UNUSED_FUNCTION = YES;
				GCC_WARN_UNUSED_VARIABLE = YES;
				IPHONEOS_DEPLOYMENT_TARGET = 11.4;
				MTL_ENABLE_DEBUG_INFO = YES;
				ONLY_ACTIVE_ARCH = YES;
				SDKROOT = iphoneos;
				SWIFT_ACTIVE_COMPILATION_CONDITIONS = DEBUG;
				SWIFT_OPTIMIZATION_LEVEL = "-Onone";
			};
			name = Debug;
		};
		8E81CD932130621E006CD82A /* Release */ = {
			isa = XCBuildConfiguration;
			buildSettings = {
				ALWAYS_SEARCH_USER_PATHS = NO;
				CLANG_ANALYZER_NONNULL = YES;
				CLANG_ANALYZER_NUMBER_OBJECT_CONVERSION = YES_AGGRESSIVE;
				CLANG_CXX_LANGUAGE_STANDARD = "gnu++14";
				CLANG_CXX_LIBRARY = "libc++";
				CLANG_ENABLE_MODULES = YES;
				CLANG_ENABLE_OBJC_ARC = YES;
				CLANG_ENABLE_OBJC_WEAK = YES;
				CLANG_WARN_BLOCK_CAPTURE_AUTORELEASING = YES;
				CLANG_WARN_BOOL_CONVERSION = YES;
				CLANG_WARN_COMMA = YES;
				CLANG_WARN_CONSTANT_CONVERSION = YES;
				CLANG_WARN_DEPRECATED_OBJC_IMPLEMENTATIONS = YES;
				CLANG_WARN_DIRECT_OBJC_ISA_USAGE = YES_ERROR;
				CLANG_WARN_DOCUMENTATION_COMMENTS = YES;
				CLANG_WARN_EMPTY_BODY = YES;
				CLANG_WARN_ENUM_CONVERSION = YES;
				CLANG_WARN_INFINITE_RECURSION = YES;
				CLANG_WARN_INT_CONVERSION = YES;
				CLANG_WARN_NON_LITERAL_NULL_CONVERSION = YES;
				CLANG_WARN_OBJC_IMPLICIT_RETAIN_SELF = YES;
				CLANG_WARN_OBJC_LITERAL_CONVERSION = YES;
				CLANG_WARN_OBJC_ROOT_CLASS = YES_ERROR;
				CLANG_WARN_RANGE_LOOP_ANALYSIS = YES;
				CLANG_WARN_STRICT_PROTOTYPES = YES;
				CLANG_WARN_SUSPICIOUS_MOVE = YES;
				CLANG_WARN_UNGUARDED_AVAILABILITY = YES_AGGRESSIVE;
				CLANG_WARN_UNREACHABLE_CODE = YES;
				CLANG_WARN__DUPLICATE_METHOD_MATCH = YES;
				CODE_SIGN_IDENTITY = "iPhone Developer";
				COPY_PHASE_STRIP = NO;
				DEBUG_INFORMATION_FORMAT = "dwarf-with-dsym";
				ENABLE_NS_ASSERTIONS = NO;
				ENABLE_STRICT_OBJC_MSGSEND = YES;
				GCC_C_LANGUAGE_STANDARD = gnu11;
				GCC_NO_COMMON_BLOCKS = YES;
				GCC_WARN_64_TO_32_BIT_CONVERSION = YES;
				GCC_WARN_ABOUT_RETURN_TYPE = YES_ERROR;
				GCC_WARN_UNDECLARED_SELECTOR = YES;
				GCC_WARN_UNINITIALIZED_AUTOS = YES_AGGRESSIVE;
				GCC_WARN_UNUSED_FUNCTION = YES;
				GCC_WARN_UNUSED_VARIABLE = YES;
				IPHONEOS_DEPLOYMENT_TARGET = 11.4;
				MTL_ENABLE_DEBUG_INFO = NO;
				SDKROOT = iphoneos;
				SWIFT_COMPILATION_MODE = wholemodule;
				SWIFT_OPTIMIZATION_LEVEL = "-O";
				VALIDATE_PRODUCT = YES;
			};
			name = Release;
		};
		8E81CD952130621E006CD82A /* Debug */ = {
			isa = XCBuildConfiguration;
			buildSettings = {
				ASSETCATALOG_COMPILER_APPICON_NAME = AppIcon;
				CODE_SIGN_STYLE = Automatic;
				DEVELOPMENT_TEAM = YKUJGKWRE7;
				INFOPLIST_FILE = "sign IN - 2/Info.plist";
				LD_RUNPATH_SEARCH_PATHS = (
					"$(inherited)",
					"@executable_path/Frameworks",
				);
				PRODUCT_BUNDLE_IDENTIFIER = "abood-athhamneh.sign-IN---2";
				PRODUCT_NAME = "$(TARGET_NAME)";
				SWIFT_VERSION = 4.0;
				TARGETED_DEVICE_FAMILY = "1,2";
			};
			name = Debug;
		};
		8E81CD962130621E006CD82A /* Release */ = {
			isa = XCBuildConfiguration;
			buildSettings = {
				ASSETCATALOG_COMPILER_APPICON_NAME = AppIcon;
				CODE_SIGN_STYLE = Automatic;
				DEVELOPMENT_TEAM = YKUJGKWRE7;
				INFOPLIST_FILE = "sign IN - 2/Info.plist";
				LD_RUNPATH_SEARCH_PATHS = (
					"$(inherited)",
					"@executable_path/Frameworks",
				);
				PRODUCT_BUNDLE_IDENTIFIER = "abood-athhamneh.sign-IN---2";
				PRODUCT_NAME = "$(TARGET_NAME)";
				SWIFT_VERSION = 4.0;
				TARGETED_DEVICE_FAMILY = "1,2";
			};
			name = Release;
		};
/* End XCBuildConfiguration section */

/* Begin XCConfigurationList section */
		8E81CD7A21306215006CD82A /* Build configuration list for PBXProject "sign IN - 2" */ = {
			isa = XCConfigurationList;
			buildConfigurations = (
				8E81CD922130621E006CD82A /* Debug */,
				8E81CD932130621E006CD82A /* Release */,
			);
			defaultConfigurationIsVisible = 0;
			defaultConfigurationName = Release;
		};
		8E81CD942130621E006CD82A /* Build configuration list for PBXNativeTarget "sign IN - 2" */ = {
			isa = XCConfigurationList;
			buildConfigurations = (
				8E81CD952130621E006CD82A /* Debug */,
				8E81CD962130621E006CD82A /* Release */,
			);
			defaultConfigurationIsVisible = 0;
			defaultConfigurationName = Release;
		};
/* End XCConfigurationList section */

/* Begin XCVersionGroup section */
		8E81CD8921306216006CD82A /* sign_IN___2.xcdatamodeld */ = {
			isa = XCVersionGroup;
			children = (
				8E81CD8A21306216006CD82A /* sign_IN___2.xcdatamodel */,
			);
			currentVersion = 8E81CD8A21306216006CD82A /* sign_IN___2.xcdatamodel */;
			path = "sign_IN___2.xcdatamodeld";
			sourceTree = "<group>";
			versionGroupType = wrapper.xcdatamodel;
		};
/* End XCVersionGroup section */
	};
	rootObject = 8E81CD7721306215006CD82A /* Project object */;
}
